
Microsoft Visual Studio Solution File, Format Version 12.00
# Visual Studio Version 17
VisualStudioVersion = 17.4.33213.308
MinimumVisualStudioVersion = 10.0.40219.1
Project("{FAE04EC0-301F-11D3-BF4B-00C04F79EFBC}") = "ejercicio 1", "ConsoleApclase 7\ejercicio 1.csproj", "{FC1D0C3F-83D5-4CA2-ACA4-BB34C9D16625}"
EndProject
Project("{FAE04EC0-301F-11D3-BF4B-00C04F79EFBC}") = "ejercicio 2", "mayor menor\ejercicio 2.csproj", "{B1846D95-FB74-4463-B971-8A5F82E0F5ED}"
EndProject
Project("{FAE04EC0-301F-11D3-BF4B-00C04F79EFBC}") = "ejercicio 3", "ejercicio 3\ejercicio 3.csproj", "{C73EE988-FE5F-41AB-ABBF-71D8F78DE631}"
EndProject
Project("{FAE04EC0-301F-11D3-BF4B-00C04F79EFBC}") = "ejercicio 4", "ejercicio 4\ejercicio 4.csproj", "{B4D756C2-7654-4E3E-BAD2-11C94FF20D20}"
EndProject
Project("{FAE04EC0-301F-11D3-BF4B-00C04F79EFBC}") = "ejercicio 5", "ejercicio 5\ejercicio 5.csproj", "{D96A65D2-51DA-4F5F-8F5C-6BFA6FB2EDF8}"
EndProject
Global
	GlobalSection(SolutionConfigurationPlatforms) = preSolution
		Debug|Any CPU = Debug|Any CPU
		Release|Any CPU = Release|Any CPU
	EndGlobalSection
	GlobalSection(ProjectConfigurationPlatforms) = postSolution
		{FC1D0C3F-83D5-4CA2-ACA4-BB34C9D16625}.Debug|Any CPU.ActiveCfg = Debug|Any CPU
		{FC1D0C3F-83D5-4CA2-ACA4-BB34C9D16625}.Debug|Any CPU.Build.0 = Debug|Any CPU
		{FC1D0C3F-83D5-4CA2-ACA4-BB34C9D16625}.Release|Any CPU.ActiveCfg = Release|Any CPU
		{FC1D0C3F-83D5-4CA2-ACA4-BB34C9D16625}.Release|Any CPU.Build.0 = Release|Any CPU
		{B1846D95-FB74-4463-B971-8A5F82E0F5ED}.Debug|Any CPU.ActiveCfg = Debug|Any CPU
		{B1846D95-FB74-4463-B971-8A5F82E0F5ED}.Debug|Any CPU.Build.0 = Debug|Any CPU
		{B1846D95-FB74-4463-B971-8A5F82E0F5ED}.Release|Any CPU.ActiveCfg = Release|Any CPU
		{B1846D95-FB74-4463-B971-8A5F82E0F5ED}.Release|Any CPU.Build.0 = Release|Any CPU
		{C73EE988-FE5F-41AB-ABBF-71D8F78DE631}.Debug|Any CPU.ActiveCfg = Debug|Any CPU
		{C73EE988-FE5F-41AB-ABBF-71D8F78DE631}.Debug|Any CPU.Build.0 = Debug|Any CPU
		{C73EE988-FE5F-41AB-ABBF-71D8F78DE631}.Release|Any CPU.ActiveCfg = Release|Any CPU
		{C73EE988-FE5F-41AB-ABBF-71D8F78DE631}.Release|Any CPU.Build.0 = Release|Any CPU
		{B4D756C2-7654-4E3E-BAD2-11C94FF20D20}.Debug|Any CPU.ActiveCfg = Debug|Any CPU
		{B4D756C2-7654-4E3E-BAD2-11C94FF20D20}.Debug|Any CPU.Build.0 = Debug|Any CPU
		{B4D756C2-7654-4E3E-BAD2-11C94FF20D20}.Release|Any CPU.ActiveCfg = Release|Any CPU
		{B4D756C2-7654-4E3E-BAD2-11C94FF20D20}.Release|Any CPU.Build.0 = Release|Any CPU
		{D96A65D2-51DA-4F5F-8F5C-6BFA6FB2EDF8}.Debug|Any CPU.ActiveCfg = Debug|Any CPU
		{D96A65D2-51DA-4F5F-8F5C-6BFA6FB2EDF8}.Debug|Any CPU.Build.0 = Debug|Any CPU
		{D96A65D2-51DA-4F5F-8F5C-6BFA6FB2EDF8}.Release|Any CPU.ActiveCfg = Release|Any CPU
		{D96A65D2-51DA-4F5F-8F5C-6BFA6FB2EDF8}.Release|Any CPU.Build.0 = Release|Any CPU
	EndGlobalSection
	GlobalSection(SolutionProperties) = preSolution
		HideSolutionNode = FALSE
	EndGlobalSection
	GlobalSection(ExtensibilityGlobals) = postSolution
		SolutionGuid = {BA8BFC8A-39E5-46BF-88D1-1AD1649744B6}
	EndGlobalSection
EndGlobal
